{
  "lockfileVersion": 1,
  "configVersion": 0,
  "workspaces": {
    "": {
      "name": "samcx",
      "dependencies": {
        "next": "^16.3.0-canary.106",
        "react": "^19.2.8",
        "react-dom": "^19.2.8",
      },
      "devDependencies": {
        "@types/node": "^26.1.2",
        "@types/react": "^19.2.18",
        "@types/react-dom": "^19.2.4",
        "husky": "^9.1.7",
        "oxfmt": "^0.62.0",
        "typescript": "^7.0.2",
      },
    },
  },
  "trustedDependencies": [
    "sharp",
  ],
  "packages": {
    "@emnapi/runtime": ["@emnapi/runtime@1.11.3", "https://registry.k8s.vercel-security.com/npm/@emnapi/runtime/-/runtime-1.11.3.tgz", { "dependencies": { "tslib": "^2.4.0" } }, "sha512-Xz4Tpyki7XyrpbUK1jR1AhdAdaXyhhY4lZ3neLodmhpuWfy2PAQN5B46sAiU4liOXGLkHypn/qU+jvfWSCYYLA=="],

    "@img/colour": ["@img/colour@1.1.0", "https://registry.k8s.vercel-security.com/npm/@img/colour/-/colour-1.1.0.tgz", {}, "sha512-Td76q7j57o/tLVdgS746cYARfSyxk8iEfRxewL9h4OMzYhbW4TAcppl0mT4eyqXddh6L/jwoM75mo7ixa/pCeQ=="],

    "@img/sharp-darwin-arm64": ["@img/sharp-darwin-arm64@0.35.3", "https://registry.k8s.vercel-security.com/npm/@img/sharp-darwin-arm64/-/sharp-darwin-arm64-0.35.3.tgz", { "optionalDependencies": { "@img/sharp-libvips-darwin-arm64": "1.3.2" }, "os": "darwin", "cpu": "arm64" }, "sha512-RMnFX7YQsMoh7lWfcM4NEHHymBX/rLuKNPVM84XE9ONPcaSCDgE7CHIHpSgPcO2xcRthgBy1HfNO319mwhIAkg=="],

    "@img/sharp-darwin-x64": ["@img/sharp-darwin-x64@0.35.3", "https://registry.k8s.vercel-security.com/npm/@img/sharp-darwin-x64/-/sharp-darwin-x64-0.35.3.tgz", { "optionalDependencies": { "@img/sharp-libvips-darwin-x64": "1.3.2" }, "os": "darwin", "cpu": "x64" }, "sha512-Xo+5uFBtLN0BKqieTxiFzFPQAUlBbbH5iBKyRX/z1JrbnYsHTfKJnUfL8+p2TPXr1pXqao4eeL4Rl144uDpK9w=="],

    "@img/sharp-freebsd-wasm32": ["@img/sharp-freebsd-wasm32@0.35.3", "https://registry.k8s.vercel-security.com/npm/@img/sharp-freebsd-wasm32/-/sharp-freebsd-wasm32-0.35.3.tgz", { "dependencies": { "@img/sharp-wasm32": "0.35.3" }, "os": "freebsd" }, "sha512-lUxcqWIj2wMQ9BrwNjngcr1gWUr5xgaGThBRqPPalIC2n67Cqj1uPh8NnA/ZhAg8hUbKl+kVHKwgUIwe6ZYPrg=="],

    "@img/sharp-libvips-darwin-arm64": ["@img/sharp-libvips-darwin-arm64@1.3.2", "https://registry.k8s.vercel-security.com/npm/@img/sharp-libvips-darwin-arm64/-/sharp-libvips-darwin-arm64-1.3.2.tgz", { "os": "darwin", "cpu": "arm64" }, "sha512-9J6ypZFpQBj4YnePGoq/S38w6nz+vqg5WZLrLGY4YuSemdMq47GMLBPO42MzwdGwpg/agZ7xzZcFHa48xlywfg=="],

    "@img/sharp-libvips-darwin-x64": ["@img/sharp-libvips-darwin-x64@1.3.2", "https://registry.k8s.vercel-security.com/npm/@img/sharp-libvips-darwin-x64/-/sharp-libvips-darwin-x64-1.3.2.tgz", { "os": "darwin", "cpu": "x64" }, "sha512-m2pW1n6cns9VaubNwsZ+c3CRYjxNQWgJ5gPlnL1nbBcpkBvFm6SCFN5o0psFHI8w9n11NKhFkeEDns98tiqbEw=="],

    "@img/sharp-libvips-linux-arm": ["@img/sharp-libvips-linux-arm@1.3.2", "https://registry.k8s.vercel-security.com/npm/@img/sharp-libvips-linux-arm/-/sharp-libvips-linux-arm-1.3.2.tgz", { "os": "linux", "cpu": "arm" }, "sha512-1eMLzy92I4J6rmi4mAT8yC3HxOtniyGELlzGbNMLLeqe052ahFQ0h6LFq+lh5DsDIdYViIDst08abvSbcEdLXQ=="],

    "@img/sharp-libvips-linux-arm64": ["@img/sharp-libvips-linux-arm64@1.3.2", "https://registry.k8s.vercel-security.com/npm/@img/sharp-libvips-linux-arm64/-/sharp-libvips-linux-arm64-1.3.2.tgz", { "os": "linux", "cpu": "arm64" }, "sha512-dqVSFynCox4C/J8kT16V7SIFAns0IjgLwkvYT7p8LQVmJ5OS5b6tI9IGflxTeuBS//zXeFIUbwt5dwxyZ17cnA=="],

    "@img/sharp-libvips-linux-ppc64": ["@img/sharp-libvips-linux-ppc64@1.3.2", "https://registry.k8s.vercel-security.com/npm/@img/sharp-libvips-linux-ppc64/-/sharp-libvips-linux-ppc64-1.3.2.tgz", { "os": "linux", "cpu": "ppc64" }, "sha512-3z0NHDxD6n5I9gc05U1eW1AyRm+Gznzq3naMrthPNqE6oYykcogW0l/jfpJdjYnuNl8R7yI9pNbE1XiUeyq0Aw=="],

    "@img/sharp-libvips-linux-riscv64": ["@img/sharp-libvips-linux-riscv64@1.3.2", "https://registry.k8s.vercel-security.com/npm/@img/sharp-libvips-linux-riscv64/-/sharp-libvips-linux-riscv64-1.3.2.tgz", { "os": "linux", "cpu": "none" }, "sha512-bsb4rI+NldGOsXuej2r8OdSS8+zXDVaCWxyWrcv6kneTOlgAHtZABRzBBCwdsPiD90J4myNJuHpg6kA20ImW/w=="],

    "@img/sharp-libvips-linux-s390x": ["@img/sharp-libvips-linux-s390x@1.3.2", "https://registry.k8s.vercel-security.com/npm/@img/sharp-libvips-linux-s390x/-/sharp-libvips-linux-s390x-1.3.2.tgz", { "os": "linux", "cpu": "s390x" }, "sha512-/ABshyj8gCpyIrNXnHn4LorDJ0HHm1VhXPBlxZ8zAtfVPAaSafXPGn+sUSIRiwaSBy0mmFjSjiXI5mkcwdChKQ=="],

    "@img/sharp-libvips-linux-x64": ["@img/sharp-libvips-linux-x64@1.3.2", "https://registry.k8s.vercel-security.com/npm/@img/sharp-libvips-linux-x64/-/sharp-libvips-linux-x64-1.3.2.tgz", { "os": "linux", "cpu": "x64" }, "sha512-ITPEtgffGJ0S6G9dRyw/366tJQqFRcHWPHhC+Stpg3Z8AEMrDrTr2lhdz4f/Y/HMbRh//7Z5mBzEpVdi62Oc3w=="],

    "@img/sharp-libvips-linuxmusl-arm64": ["@img/sharp-libvips-linuxmusl-arm64@1.3.2", "https://registry.k8s.vercel-security.com/npm/@img/sharp-libvips-linuxmusl-arm64/-/sharp-libvips-linuxmusl-arm64-1.3.2.tgz", { "os": "linux", "cpu": "arm64" }, "sha512-zE9EdiUzUmg5mDT5a1rk5fYJ6GWPloTwWBYDS14naqHsL+EaMpDj1AWnpLgh3u0YCORv2Tt50wrcrpYqkP97Kw=="],

    "@img/sharp-libvips-linuxmusl-x64": ["@img/sharp-libvips-linuxmusl-x64@1.3.2", "https://registry.k8s.vercel-security.com/npm/@img/sharp-libvips-linuxmusl-x64/-/sharp-libvips-linuxmusl-x64-1.3.2.tgz", { "os": "linux", "cpu": "x64" }, "sha512-m0lrLiUt+lBYnCFr8qV/65yMR4E/c7/wf78I5eKTdkEakFAlZ9QlzEM3QIhhAwVeUhLAHLcCq7a7Vszq/oFNZQ=="],

    "@img/sharp-linux-arm": ["@img/sharp-linux-arm@0.35.3", "https://registry.k8s.vercel-security.com/npm/@img/sharp-linux-arm/-/sharp-linux-arm-0.35.3.tgz", { "optionalDependencies": { "@img/sharp-libvips-linux-arm": "1.3.2" }, "os": "linux", "cpu": "arm" }, "sha512-affVWCTLooy8TSxbDx2qkzuDeaWLNVBA+P//FNBirHsXpP2fuBhk5AuboYUnrDnzoXes8GFjpTx0SBFOCRg+FA=="],

    "@img/sharp-linux-arm64": ["@img/sharp-linux-arm64@0.35.3", "https://registry.k8s.vercel-security.com/npm/@img/sharp-linux-arm64/-/sharp-linux-arm64-0.35.3.tgz", { "optionalDependencies": { "@img/sharp-libvips-linux-arm64": "1.3.2" }, "os": "linux", "cpu": "arm64" }, "sha512-QgKDspHPnrU+GQ55XPhGwyhC8acLVOOSyAvo1oVfFmrIXLkDNmGWzAfDZ4xK8oSA1qBQrALcHX0G5UZni/SuFQ=="],

    "@img/sharp-linux-ppc64": ["@img/sharp-linux-ppc64@0.35.3", "https://registry.k8s.vercel-security.com/npm/@img/sharp-linux-ppc64/-/sharp-linux-ppc64-0.35.3.tgz", { "optionalDependencies": { "@img/sharp-libvips-linux-ppc64": "1.3.2" }, "os": "linux", "cpu": "ppc64" }, "sha512-sMd8rDxmpLOwv/7N44klFjOD5DUO7FLdjiXDI0hoxYaf7Ar262dQIEkosE98bps+5HPLtp/EvNqeqQtOycP/IA=="],

    "@img/sharp-linux-riscv64": ["@img/sharp-linux-riscv64@0.35.3", "https://registry.k8s.vercel-security.com/npm/@img/sharp-linux-riscv64/-/sharp-linux-riscv64-0.35.3.tgz", { "optionalDependencies": { "@img/sharp-libvips-linux-riscv64": "1.3.2" }, "os": "linux", "cpu": "none" }, "sha512-0Eob78yjlYPfL5vMNWAW55l3R9Y6BQS/gOfe0ZcP9mEz9ohhKSt4im1hayiknXgf8AWrFqMvJcKIdmLmEe7yeQ=="],

    "@img/sharp-linux-s390x": ["@img/sharp-linux-s390x@0.35.3", "https://registry.k8s.vercel-security.com/npm/@img/sharp-linux-s390x/-/sharp-linux-s390x-0.35.3.tgz", { "optionalDependencies": { "@img/sharp-libvips-linux-s390x": "1.3.2" }, "os": "linux", "cpu": "s390x" }, "sha512-KgAxQ0DxpNOq1rG2t5cgTgShJFGSuU7XO45cqC+1NVOuZnP6tlgZRuSYOfNupGkHID0o3cJOsw4DVeJpMovcGw=="],

    "@img/sharp-linux-x64": ["@img/sharp-linux-x64@0.35.3", "https://registry.k8s.vercel-security.com/npm/@img/sharp-linux-x64/-/sharp-linux-x64-0.35.3.tgz", { "optionalDependencies": { "@img/sharp-libvips-linux-x64": "1.3.2" }, "os": "linux", "cpu": "x64" }, "sha512-8pqvxubL2PGdhlPy6GLqzDYMUjyRmKAwKHYKixpdJYBUK7PJ0C029XdsnpFIdgRZG68fZiGdHVWcKPvtiPB4cA=="],

    "@img/sharp-linuxmusl-arm64": ["@img/sharp-linuxmusl-arm64@0.35.3", "https://registry.k8s.vercel-security.com/npm/@img/sharp-linuxmusl-arm64/-/sharp-linuxmusl-arm64-0.35.3.tgz", { "optionalDependencies": { "@img/sharp-libvips-linuxmusl-arm64": "1.3.2" }, "os": "linux", "cpu": "arm64" }, "sha512-Vz0iQjzzcSX3HCbfwFfCSG/9SCIqyO0mH2sXyiHaAYfBk0cRsCWXRyQYX0ovCK/PAQBbTzQ0dsPQHh5MAFL59w=="],

    "@img/sharp-linuxmusl-x64": ["@img/sharp-linuxmusl-x64@0.35.3", "https://registry.k8s.vercel-security.com/npm/@img/sharp-linuxmusl-x64/-/sharp-linuxmusl-x64-0.35.3.tgz", { "optionalDependencies": { "@img/sharp-libvips-linuxmusl-x64": "1.3.2" }, "os": "linux", "cpu": "x64" }, "sha512-6O1NPKcDVj9QEdg7Hx549EX8U0rp6yXQERqru6yRN7fGBn32UvIRJUlWnk+8xDCiG76hXVBbX82NZ/ZKr0euIg=="],

    "@img/sharp-wasm32": ["@img/sharp-wasm32@0.35.3", "https://registry.k8s.vercel-security.com/npm/@img/sharp-wasm32/-/sharp-wasm32-0.35.3.tgz", { "dependencies": { "@emnapi/runtime": "^1.11.1" } }, "sha512-cZ0XkcYGpHZkqW6iCkqTcmUC0CD9DhD5d/qeZlZkfRBn6GnHniZXLUo5+9xw8Iv76YE6LQFN9YNBlKREcCG76w=="],

    "@img/sharp-webcontainers-wasm32": ["@img/sharp-webcontainers-wasm32@0.35.3", "https://registry.k8s.vercel-security.com/npm/@img/sharp-webcontainers-wasm32/-/sharp-webcontainers-wasm32-0.35.3.tgz", { "dependencies": { "@img/sharp-wasm32": "0.35.3" }, "cpu": "none" }, "sha512-2rnq7bX3NzeR2T4YWgz8qiG4h3TSdMe+vN1iQXpJleSJ3SM5zQ8Fy2SyyXAWlbxpEZ2Y+Z4u1BePgJEYbSy80Q=="],

    "@img/sharp-win32-arm64": ["@img/sharp-win32-arm64@0.35.3", "https://registry.k8s.vercel-security.com/npm/@img/sharp-win32-arm64/-/sharp-win32-arm64-0.35.3.tgz", { "os": "win32", "cpu": "arm64" }, "sha512-4bPwFdMbeC4JQ8L8LOyWp6nsHcboP5fxkp6iPOXz2Vg49R42TuMs2whkJ5OAP4/Ul035qOzy0AecOF9VOscn4w=="],

    "@img/sharp-win32-ia32": ["@img/sharp-win32-ia32@0.35.3", "https://registry.k8s.vercel-security.com/npm/@img/sharp-win32-ia32/-/sharp-win32-ia32-0.35.3.tgz", { "os": "win32", "cpu": "ia32" }, "sha512-r53mXsBN6lFUDiST764SvgwUdHAqM4rPAiDzAmf4fLoB6X/rkfyTrLCg6+g17wJJiCmB3JYgHuUldCWUIRFSXw=="],

    "@img/sharp-win32-x64": ["@img/sharp-win32-x64@0.35.3", "https://registry.k8s.vercel-security.com/npm/@img/sharp-win32-x64/-/sharp-win32-x64-0.35.3.tgz", { "os": "win32", "cpu": "x64" }, "sha512-D4y1vNeZrIIJCN+uHaWVtH86B+aCrdMYYjicy9pXHvbGZeGYLLSd3wdVuC37FxVXlU1ARsk84eKWfWMXGYEqvA=="],

    "@next/env": ["@next/env@16.3.0-canary.106", "https://registry.k8s.vercel-security.com/npm/@next/env/-/env-16.3.0-canary.106.tgz", {}, "sha512-d7Lo0BAhEyhrjT2uPkITDOMiogP7cIuWtG+AunVlPCx8A2MB8+5vNnrlSPjGgKGYHHUyIWIzxKOml5KxFxAdNQ=="],

    "@next/swc-darwin-arm64": ["@next/swc-darwin-arm64@16.3.0-canary.106", "https://registry.k8s.vercel-security.com/npm/@next/swc-darwin-arm64/-/swc-darwin-arm64-16.3.0-canary.106.tgz", { "os": "darwin", "cpu": "arm64" }, "sha512-EuFgIwRO5mQEUDNoRKPfDOLr6o19XKWy7zdCZ4IHL93h9MMLawtia3DyJWv1cVDmPqyZzpP8eph91HKndyQ6qQ=="],

    "@next/swc-darwin-x64": ["@next/swc-darwin-x64@16.3.0-canary.106", "https://registry.k8s.vercel-security.com/npm/@next/swc-darwin-x64/-/swc-darwin-x64-16.3.0-canary.106.tgz", { "os": "darwin", "cpu": "x64" }, "sha512-3DBaQ+dEAe3weauerEE32N1HCpqEd3lPi+IqFNvjaHe0hkU/PW5otzS+cHk1/AB52s2yXktroozc9Rr+u5OJgg=="],

    "@next/swc-linux-arm64-gnu": ["@next/swc-linux-arm64-gnu@16.3.0-canary.106", "https://registry.k8s.vercel-security.com/npm/@next/swc-linux-arm64-gnu/-/swc-linux-arm64-gnu-16.3.0-canary.106.tgz", { "os": "linux", "cpu": "arm64" }, "sha512-32mf2OAvT2q5w0NiktGhhpdDALiYcLhgq1emZnCnTQnEcSh/DQY0ikpjHOHRdZD1fX7npwWUfxMPL6ywTm33Qg=="],

    "@next/swc-linux-arm64-musl": ["@next/swc-linux-arm64-musl@16.3.0-canary.106", "https://registry.k8s.vercel-security.com/npm/@next/swc-linux-arm64-musl/-/swc-linux-arm64-musl-16.3.0-canary.106.tgz", { "os": "linux", "cpu": "arm64" }, "sha512-y/wktG99LNPi+b1hbKZ3yyeQ24N2QOsWI5lZlZFKViLTCD4oe/ns7GphAkevES+lJsDpS798qNJNVwbumfq+kQ=="],

    "@next/swc-linux-x64-gnu": ["@next/swc-linux-x64-gnu@16.3.0-canary.106", "https://registry.k8s.vercel-security.com/npm/@next/swc-linux-x64-gnu/-/swc-linux-x64-gnu-16.3.0-canary.106.tgz", { "os": "linux", "cpu": "x64" }, "sha512-CFxNXDxE8VtugERompzlbRSiJq1Xf6XJarOZLuWKWtgzLlf/nRIezQ3+6oRy25RdWOJl8I7MIKfWTQhVMFj8jw=="],

    "@next/swc-linux-x64-musl": ["@next/swc-linux-x64-musl@16.3.0-canary.106", "https://registry.k8s.vercel-security.com/npm/@next/swc-linux-x64-musl/-/swc-linux-x64-musl-16.3.0-canary.106.tgz", { "os": "linux", "cpu": "x64" }, "sha512-FiFvvRjGf/oLcDEDno7rD2dgZsNdrygtBAOcKId9SopZZ2oiPrhVAGqm5fdL/q0HWKmP3mlMDuYxXpxTMmPuDQ=="],

    "@next/swc-win32-arm64-msvc": ["@next/swc-win32-arm64-msvc@16.3.0-canary.106", "https://registry.k8s.vercel-security.com/npm/@next/swc-win32-arm64-msvc/-/swc-win32-arm64-msvc-16.3.0-canary.106.tgz", { "os": "win32", "cpu": "arm64" }, "sha512-ZwO6FJxEapZ5wcrvYJM0KaMgziuEvGchnM3i6JPV5RhHB9dRfPkzFzFzwEms3PkdKLeoBunB7q+f1+kkcpPt1Q=="],

    "@next/swc-win32-x64-msvc": ["@next/swc-win32-x64-msvc@16.3.0-canary.106", "https://registry.k8s.vercel-security.com/npm/@next/swc-win32-x64-msvc/-/swc-win32-x64-msvc-16.3.0-canary.106.tgz", { "os": "win32", "cpu": "x64" }, "sha512-mI9gDM5ZKmo3DD4xrF43zWCOXRwQqDPynLRrn+sCCh8u3K41nGxh/T+BGyyZhIXzY85E05c7lSM4RK/3LFLu+w=="],

    "@oxfmt/binding-android-arm-eabi": ["@oxfmt/binding-android-arm-eabi@0.62.0", "https://registry.k8s.vercel-security.com/npm/@oxfmt/binding-android-arm-eabi/-/binding-android-arm-eabi-0.62.0.tgz", { "os": "android", "cpu": "arm" }, "sha512-pdsv0C4gPjJ8H1+sd8u0BDx+yLACTL+rgeMIOL1ln4ihSnhw8CWXtYWgvcSkyTfgGBIzFKab+d8rx9Xl4en/Kw=="],

    "@oxfmt/binding-android-arm64": ["@oxfmt/binding-android-arm64@0.62.0", "https://registry.k8s.vercel-security.com/npm/@oxfmt/binding-android-arm64/-/binding-android-arm64-0.62.0.tgz", { "os": "android", "cpu": "arm64" }, "sha512-WC3YQ7uS/KtDrjmqwBviwFKe9qeoi+eXx8aX1z/ffG23Md75myjrJaQqTuJvdOLPoa4EYTjDWH0dHXfwulCVog=="],

    "@oxfmt/binding-darwin-arm64": ["@oxfmt/binding-darwin-arm64@0.62.0", "https://registry.k8s.vercel-security.com/npm/@oxfmt/binding-darwin-arm64/-/binding-darwin-arm64-0.62.0.tgz", { "os": "darwin", "cpu": "arm64" }, "sha512-GM8Yf3LjjaR1I8PD0SfeoIlwhsh9GvSF+cQ8sf624Yxnjsyumn95aFzYfKJVefblfDIiOAnZ7QVm2sa21Er/0Q=="],

    "@oxfmt/binding-darwin-x64": ["@oxfmt/binding-darwin-x64@0.62.0", "https://registry.k8s.vercel-security.com/npm/@oxfmt/binding-darwin-x64/-/binding-darwin-x64-0.62.0.tgz", { "os": "darwin", "cpu": "x64" }, "sha512-d5THp7F8bCxLqNogEXDORRsQD6dosf3EyFtnXfBer6v+8tGdcWIjoDX9WaXrrF/26zOmL8qHpPTKCEvpBDmZkQ=="],

    "@oxfmt/binding-freebsd-x64": ["@oxfmt/binding-freebsd-x64@0.62.0", "https://registry.k8s.vercel-security.com/npm/@oxfmt/binding-freebsd-x64/-/binding-freebsd-x64-0.62.0.tgz", { "os": "freebsd", "cpu": "x64" }, "sha512-1DnrtXGZooOZ0fHgAXZUaDQzBVh1CM2MNW4oBXyQ2aWKvCHjyljvT9fgBkOM0fEOb96X5eqtcfJ0YUVt9jj66g=="],

    "@oxfmt/binding-linux-arm-gnueabihf": ["@oxfmt/binding-linux-arm-gnueabihf@0.62.0", "https://registry.k8s.vercel-security.com/npm/@oxfmt/binding-linux-arm-gnueabihf/-/binding-linux-arm-gnueabihf-0.62.0.tgz", { "os": "linux", "cpu": "arm" }, "sha512-4pQDHOYRH+Huqe0StIaWyvk2CVl/aTaqSrbZpA3/pLS2xH24ME7lBgYprhQF2fRkHBzhGGGKliwxFsDdHwx59g=="],

    "@oxfmt/binding-linux-arm-musleabihf": ["@oxfmt/binding-linux-arm-musleabihf@0.62.0", "https://registry.k8s.vercel-security.com/npm/@oxfmt/binding-linux-arm-musleabihf/-/binding-linux-arm-musleabihf-0.62.0.tgz", { "os": "linux", "cpu": "arm" }, "sha512-X0jAaZJFMCVKhB6YyWVTQ/wN2DLsBcZKSMqTS76bF6riT+XZdtg2FPEdjDvdVbunO9cG+tWiVaEs4Zs38lxYog=="],

    "@oxfmt/binding-linux-arm64-gnu": ["@oxfmt/binding-linux-arm64-gnu@0.62.0", "https://registry.k8s.vercel-security.com/npm/@oxfmt/binding-linux-arm64-gnu/-/binding-linux-arm64-gnu-0.62.0.tgz", { "os": "linux", "cpu": "arm64" }, "sha512-682Z8T5s8T5ATArYtsejKvbIfd8LEAXyyDkKkoZVq8HND7Vx8TYLlrDjDSeYfodMeVwHOgkj13lJYR8cj6vUSg=="],

    "@oxfmt/binding-linux-arm64-musl": ["@oxfmt/binding-linux-arm64-musl@0.62.0", "https://registry.k8s.vercel-security.com/npm/@oxfmt/binding-linux-arm64-musl/-/binding-linux-arm64-musl-0.62.0.tgz", { "os": "linux", "cpu": "arm64" }, "sha512-lk25fAl7KWaLWVJcW0CHEXB7QlQZtx5eDkjpaGMK0hzXTjUe0Wmlu8IKuFHoviSOcEJedRTs4VE/506VqGxGew=="],

    "@oxfmt/binding-linux-ppc64-gnu": ["@oxfmt/binding-linux-ppc64-gnu@0.62.0", "https://registry.k8s.vercel-security.com/npm/@oxfmt/binding-linux-ppc64-gnu/-/binding-linux-ppc64-gnu-0.62.0.tgz", { "os": "linux", "cpu": "ppc64" }, "sha512-SFyNqHQLwySceWNLhiSldx7wPXRAzP0L0WcW9GegP3uWrpZGJiZlQO85NbHAFPEfxR9PhZ9qSnZryEh7+v+4Gw=="],

    "@oxfmt/binding-linux-riscv64-gnu": ["@oxfmt/binding-linux-riscv64-gnu@0.62.0", "https://registry.k8s.vercel-security.com/npm/@oxfmt/binding-linux-riscv64-gnu/-/binding-linux-riscv64-gnu-0.62.0.tgz", { "os": "linux", "cpu": "none" }, "sha512-KYj55C1ywJfHo6+aKDuEmUtVEdJALsC5GwayDGsI6FGz2GxFqNr/mA8nxVsNbJzm7sE5MRqTQ9ziImSzhYXysA=="],

    "@oxfmt/binding-linux-riscv64-musl": ["@oxfmt/binding-linux-riscv64-musl@0.62.0", "https://registry.k8s.vercel-security.com/npm/@oxfmt/binding-linux-riscv64-musl/-/binding-linux-riscv64-musl-0.62.0.tgz", { "os": "linux", "cpu": "none" }, "sha512-BhZDNo5GOU5nC378RhD0/XpvaEBHsH3HLgJp8YZX3A0InC7oivzA63HsRmiXFLtLSHAstEVrDf6fbC7Rs8Jh/A=="],

    "@oxfmt/binding-linux-s390x-gnu": ["@oxfmt/binding-linux-s390x-gnu@0.62.0", "https://registry.k8s.vercel-security.com/npm/@oxfmt/binding-linux-s390x-gnu/-/binding-linux-s390x-gnu-0.62.0.tgz", { "os": "linux", "cpu": "s390x" }, "sha512-UyAFmyHkgSgUJ/wOM4p3U8AC2yAFvRH5PNBs7TnK0fObTT/XSWcdr/lAzPSWaekHaZFaMeFZyk9n93Joq3J93A=="],

    "@oxfmt/binding-linux-x64-gnu": ["@oxfmt/binding-linux-x64-gnu@0.62.0", "https://registry.k8s.vercel-security.com/npm/@oxfmt/binding-linux-x64-gnu/-/binding-linux-x64-gnu-0.62.0.tgz", { "os": "linux", "cpu": "x64" }, "sha512-1iYMP0leytWazFubD/WnINJuIrzRPuoL1aWEJdlGezEzDbTxcd29R4r8IUzP2oWeKst5V02uMJgR2NILlPlG6w=="],

    "@oxfmt/binding-linux-x64-musl": ["@oxfmt/binding-linux-x64-musl@0.62.0", "https://registry.k8s.vercel-security.com/npm/@oxfmt/binding-linux-x64-musl/-/binding-linux-x64-musl-0.62.0.tgz", { "os": "linux", "cpu": "x64" }, "sha512-4rA/URtJSTVNVAQz6Q8wf7SaRvOXVy+TizriT9hs/Y1XhLR/R+92uWKRQG8yFWRAIEBbFHJ6WevQcl/G9SXEfw=="],

    "@oxfmt/binding-openharmony-arm64": ["@oxfmt/binding-openharmony-arm64@0.62.0", "https://registry.k8s.vercel-security.com/npm/@oxfmt/binding-openharmony-arm64/-/binding-openharmony-arm64-0.62.0.tgz", { "os": "none", "cpu": "arm64" }, "sha512-mSZuFHU2ar1KLUjXpI2QBQcJ1VsOB3mOCgQXuXCpKs19dgh4u+OaovNfrWDfiJb+ihJ2+f7YFcaO9bS2dlTCXA=="],

    "@oxfmt/binding-win32-arm64-msvc": ["@oxfmt/binding-win32-arm64-msvc@0.62.0", "https://registry.k8s.vercel-security.com/npm/@oxfmt/binding-win32-arm64-msvc/-/binding-win32-arm64-msvc-0.62.0.tgz", { "os": "win32", "cpu": "arm64" }, "sha512-OfwuhkcjDlqC4EgDojtiV9mzpLqeB9KqTOWPOjLEYBVdDCVSxqW3qzp/xcIxsbtI0UgGCnKvAqYKyY25kf5JZw=="],

    "@oxfmt/binding-win32-ia32-msvc": ["@oxfmt/binding-win32-ia32-msvc@0.62.0", "https://registry.k8s.vercel-security.com/npm/@oxfmt/binding-win32-ia32-msvc/-/binding-win32-ia32-msvc-0.62.0.tgz", { "os": "win32", "cpu": "ia32" }, "sha512-P9uDDNFRzghO3X8QAzhkjKhK7JvtABsVn8UYtFX7uor12IAnwNt8nNIctvfWj1JkQU/kE+fmLRPiw7XlrIHsZw=="],

    "@oxfmt/binding-win32-x64-msvc": ["@oxfmt/binding-win32-x64-msvc@0.62.0", "https://registry.k8s.vercel-security.com/npm/@oxfmt/binding-win32-x64-msvc/-/binding-win32-x64-msvc-0.62.0.tgz", { "os": "win32", "cpu": "x64" }, "sha512-dlI5SY7XYQCiCBafntWagCR6HcAJB/NpsLtdlPx8x08+Osz8Ok1HHz1GZuusegCe/VoJ6pAnF5a4pd5OZAq7qQ=="],

    "@swc/helpers": ["@swc/helpers@0.5.15", "https://registry.k8s.vercel-security.com/npm/@swc/helpers/-/helpers-0.5.15.tgz", { "dependencies": { "tslib": "^2.8.0" } }, "sha512-JQ5TuMi45Owi4/BIMAJBoSQoOJu12oOk/gADqlcUL9JEdHB8vyjUSsxqeNXnmXHjYKMi2WcYtezGEEhqUI/E2g=="],

    "@types/node": ["@types/node@26.1.2", "https://registry.k8s.vercel-security.com/npm/@types/node/-/node-26.1.2.tgz", { "dependencies": { "undici-types": "~8.3.0" } }, "sha512-Vu4a5UFA9rIIFJ7rB/Vaafh9lrCQszopTCx6KjFboXTGQbPNasehVR5TEiithSDGyd1DEiUByggTZsg8jukeIg=="],

    "@types/react": ["@types/react@19.2.18", "https://registry.k8s.vercel-security.com/npm/@types/react/-/react-19.2.18.tgz", { "dependencies": { "csstype": "^3.2.2" } }, "sha512-AnzbBERsrLKtk2XSfTbYRLjQPdy116Sty4q+T+Bp3IC4l6jNBvreVPAHmpq9qhXQM7CXZPjLVmGMw9sy+hxQ3w=="],

    "@types/react-dom": ["@types/react-dom@19.2.4", "https://registry.k8s.vercel-security.com/npm/@types/react-dom/-/react-dom-19.2.4.tgz", { "peerDependencies": { "@types/react": "^19.2.0" } }, "sha512-Bsc+QHgp+P/F02XDzNCY9jnZNCUuLki36KT7VKrTXXLdHf+vHMNZnW1rVu5DNW/rCK+fya3DATySbLM4yhtKUw=="],

    "@typescript/typescript-aix-ppc64": ["@typescript/typescript-aix-ppc64@7.0.2", "https://registry.k8s.vercel-security.com/npm/@typescript/typescript-aix-ppc64/-/typescript-aix-ppc64-7.0.2.tgz", { "os": "aix", "cpu": "ppc64" }, "sha512-MTKKkWB7p/0E9xi1d1tHtZ5PiLkGEMIq88pK2CubZjOsLtYTLqhgIgi6zepFa+9GHZ6h05NMCkQxGKiPXMxXtQ=="],

    "@typescript/typescript-darwin-arm64": ["@typescript/typescript-darwin-arm64@7.0.2", "https://registry.k8s.vercel-security.com/npm/@typescript/typescript-darwin-arm64/-/typescript-darwin-arm64-7.0.2.tgz", { "os": "darwin", "cpu": "arm64" }, "sha512-gowzar9MwS/aRWp6f3a4KUqzRjAZjOsmGNCM6LcTgXum+dBfgsBVMN+AgvOCCbguXyick6LJhpBszxMebJ8syA=="],

    "@typescript/typescript-darwin-x64": ["@typescript/typescript-darwin-x64@7.0.2", "https://registry.k8s.vercel-security.com/npm/@typescript/typescript-darwin-x64/-/typescript-darwin-x64-7.0.2.tgz", { "os": "darwin", "cpu": "x64" }, "sha512-SZ9xZInqApNlNGc9s0W1VSsktYSOe9cFqNOIqmN1Gs8SmkjKZYFt017G4VwPxASInODuAdbTW7sXiFUf893RgA=="],

    "@typescript/typescript-freebsd-arm64": ["@typescript/typescript-freebsd-arm64@7.0.2", "https://registry.k8s.vercel-security.com/npm/@typescript/typescript-freebsd-arm64/-/typescript-freebsd-arm64-7.0.2.tgz", { "os": "freebsd", "cpu": "arm64" }, "sha512-W5NH4y/J0plIIS5b2xvTEkU7JFxyqdMAOgf+Ilhl0vHQXKO5dZoxd+C/jEtq56c4F3wk71RB4BMRQ2XdI+bwYQ=="],

    "@typescript/typescript-freebsd-x64": ["@typescript/typescript-freebsd-x64@7.0.2", "https://registry.k8s.vercel-security.com/npm/@typescript/typescript-freebsd-x64/-/typescript-freebsd-x64-7.0.2.tgz", { "os": "freebsd", "cpu": "x64" }, "sha512-UMGDx5sTpzNw3WiPebH7l90IWfJggEd+egHt/q6p7/Cm3zqoV7VxkGXt+3DxPIw8CcmvAB0j3sVVfbhX+M4Tpw=="],

    "@typescript/typescript-linux-arm": ["@typescript/typescript-linux-arm@7.0.2", "https://registry.k8s.vercel-security.com/npm/@typescript/typescript-linux-arm/-/typescript-linux-arm-7.0.2.tgz", { "os": "linux", "cpu": "arm" }, "sha512-gffT3xPz9sR7j/YJExkyPntrI0P2EP9XbOyWzth2/Gs0RstK+90RBcO0ncXoXy/beYll1SXw846Nf2zdnEz0QQ=="],

    "@typescript/typescript-linux-arm64": ["@typescript/typescript-linux-arm64@7.0.2", "https://registry.k8s.vercel-security.com/npm/@typescript/typescript-linux-arm64/-/typescript-linux-arm64-7.0.2.tgz", { "os": "linux", "cpu": "arm64" }, "sha512-Qh4eU4/y3yDjnfjjyPYihMj5/ODIlmt+Bzu17OI+fiSRDW57QmU5SiN63exPRNJPKUzcc1INa1NXdrJ+MqHjUQ=="],

    "@typescript/typescript-linux-loong64": ["@typescript/typescript-linux-loong64@7.0.2", "https://registry.k8s.vercel-security.com/npm/@typescript/typescript-linux-loong64/-/typescript-linux-loong64-7.0.2.tgz", { "os": "linux", "cpu": "none" }, "sha512-uEHck9i8hoAzXPiYRib1O7miOnz23SxIeVl6F4LXox+qov1K35jHcEW6VHKvZI+pyvl7fZEP4MCU5LYvIq1GuQ=="],

    "@typescript/typescript-linux-mips64el": ["@typescript/typescript-linux-mips64el@7.0.2", "https://registry.k8s.vercel-security.com/npm/@typescript/typescript-linux-mips64el/-/typescript-linux-mips64el-7.0.2.tgz", { "os": "linux", "cpu": "none" }, "sha512-R4KvAMnE43W5Qeqb0Ly56O3mWMWIAgsMyz36DCaycd5nbg/9kzm0liw3JocfRqyJY0KPmzFjbswozXyW0DnIYA=="],

    "@typescript/typescript-linux-ppc64": ["@typescript/typescript-linux-ppc64@7.0.2", "https://registry.k8s.vercel-security.com/npm/@typescript/typescript-linux-ppc64/-/typescript-linux-ppc64-7.0.2.tgz", { "os": "linux", "cpu": "ppc64" }, "sha512-DORx5b3sd/4S7eayxm4FQv+A7CrkUIGRaHiwI8oiHTAI1fAPWhF4J0vAlkC8biAlHSVVwxMQ3tjZ2/DVbnQiiA=="],

    "@typescript/typescript-linux-riscv64": ["@typescript/typescript-linux-riscv64@7.0.2", "https://registry.k8s.vercel-security.com/npm/@typescript/typescript-linux-riscv64/-/typescript-linux-riscv64-7.0.2.tgz", { "os": "linux", "cpu": "none" }, "sha512-wf0jqEDOjrPRnKwYRyyJDRo11KMbvMFrU+q4zqKyChODBzvlkbhNQfKvLxQCcwTpdDaXSHZTVuh0JoCrKCUMHQ=="],

    "@typescript/typescript-linux-s390x": ["@typescript/typescript-linux-s390x@7.0.2", "https://registry.k8s.vercel-security.com/npm/@typescript/typescript-linux-s390x/-/typescript-linux-s390x-7.0.2.tgz", { "os": "linux", "cpu": "s390x" }, "sha512-IkwJc3L7yhytWd/ewjyxNDfOmswCm9GWMJT/ue/dU4aZNbwZeYAetq42VyLmsmSjvoX7z74X6ZaYCtzAr0EuGw=="],

    "@typescript/typescript-linux-x64": ["@typescript/typescript-linux-x64@7.0.2", "https://registry.k8s.vercel-security.com/npm/@typescript/typescript-linux-x64/-/typescript-linux-x64-7.0.2.tgz", { "os": "linux", "cpu": "x64" }, "sha512-EYdf2cNg7rgCWJnxCdJ+F3V39O8ihb37eHAu1LK8oAFizgTQbPOK7zHHXbPt8rX24COqODXeI3sIf0fCXG7H/A=="],

    "@typescript/typescript-netbsd-arm64": ["@typescript/typescript-netbsd-arm64@7.0.2", "https://registry.k8s.vercel-security.com/npm/@typescript/typescript-netbsd-arm64/-/typescript-netbsd-arm64-7.0.2.tgz", { "os": "none", "cpu": "arm64" }, "sha512-+polYF4MF04aPpO5FTkHran9yUQDSXqy5GiSDKpsll5jy3l3+g9QLhpf39T+ePtefhXLOGrLl0QIjkQP6VnelA=="],

    "@typescript/typescript-netbsd-x64": ["@typescript/typescript-netbsd-x64@7.0.2", "https://registry.k8s.vercel-security.com/npm/@typescript/typescript-netbsd-x64/-/typescript-netbsd-x64-7.0.2.tgz", { "os": "none", "cpu": "x64" }, "sha512-8YIT0EHM/3dq10ZOVF/A7pc/YSMtbcecct4rWtexrnSCHOPcpC2KTLXfTCR6vDpnSiY12heNb1GiN/wu+T/FyA=="],

    "@typescript/typescript-openbsd-arm64": ["@typescript/typescript-openbsd-arm64@7.0.2", "https://registry.k8s.vercel-security.com/npm/@typescript/typescript-openbsd-arm64/-/typescript-openbsd-arm64-7.0.2.tgz", { "os": "openbsd", "cpu": "arm64" }, "sha512-APT8+ClYnuYm1u9+kgGXoMj2VzWzcymwh2gNSQVySHfkRDGOTVkoWLjCmOQSaO+PoqQ57B0flRp9SA+7GnnkzQ=="],

    "@typescript/typescript-openbsd-x64": ["@typescript/typescript-openbsd-x64@7.0.2", "https://registry.k8s.vercel-security.com/npm/@typescript/typescript-openbsd-x64/-/typescript-openbsd-x64-7.0.2.tgz", { "os": "openbsd", "cpu": "x64" }, "sha512-yX7s+Q0Dln0Dt9tEzZsAjXXR/+ytBM7AlglaqyeMPxQszJ1JhlJdZ6jLA+IzldHtflX81em7lDao1xXu+aRRkg=="],

    "@typescript/typescript-sunos-x64": ["@typescript/typescript-sunos-x64@7.0.2", "https://registry.k8s.vercel-security.com/npm/@typescript/typescript-sunos-x64/-/typescript-sunos-x64-7.0.2.tgz", { "os": "sunos", "cpu": "x64" }, "sha512-dLJDGaLZ1D4HPQn62u1n8mBDkJREwMsAkCdkwd4Ieqw+x3TUyTsqY0YiBCtE6H6OzzgGk3iuZ3vFWRS+E8/d1g=="],

    "@typescript/typescript-win32-arm64": ["@typescript/typescript-win32-arm64@7.0.2", "https://registry.k8s.vercel-security.com/npm/@typescript/typescript-win32-arm64/-/typescript-win32-arm64-7.0.2.tgz", { "os": "win32", "cpu": "arm64" }, "sha512-Gyl1Vy6OsWesLzmq+EP0Fb7b4Nid5232AvcA2SFcdYreldpNtYFFofPjnt62y9hQy7VTaZp65ICJjuAQRaVcIQ=="],

    "@typescript/typescript-win32-x64": ["@typescript/typescript-win32-x64@7.0.2", "https://registry.k8s.vercel-security.com/npm/@typescript/typescript-win32-x64/-/typescript-win32-x64-7.0.2.tgz", { "os": "win32", "cpu": "x64" }, "sha512-0BQ3HkAHHlKLSp1qRvf3SUhGpGsDuhB/jgFw75guyqbxJqEaS0Cw/VFO8i2nHglJUzQCRtMMR/IBAKE3ETMC4g=="],

    "baseline-browser-mapping": ["baseline-browser-mapping@2.11.11", "https://registry.k8s.vercel-security.com/npm/baseline-browser-mapping/-/baseline-browser-mapping-2.11.11.tgz", { "bin": { "baseline-browser-mapping": "dist/cli.cjs" } }, "sha512-/yImnXwyTvgMkhgekLHok/Rx5vO6E0BmStWlSqKWMVm2a2ITuZ1Tn+9bgLS+gZRdZmWtd8nxuhHpdmCUOWsTQQ=="],

    "caniuse-lite": ["caniuse-lite@1.0.30001806", "https://registry.k8s.vercel-security.com/npm/caniuse-lite/-/caniuse-lite-1.0.30001806.tgz", {}, "sha512-72Cuvd95zbSYPKq6Fhg8eDJRlzgWDf7/mtoZv6Qe/DYNCEBdNxoA3+rZAU2ZhGCpZlns3EssFavaZomckT5Uuw=="],

    "client-only": ["client-only@0.0.1", "https://registry.k8s.vercel-security.com/npm/client-only/-/client-only-0.0.1.tgz", {}, "sha512-IV3Ou0jSMzZrd3pZ48nLkT9DA7Ag1pnPzaiQhpW7c3RbcqqzvzzVu+L8gfqMp/8IM2MQtSiqaCxrrcfu8I8rMA=="],

    "csstype": ["csstype@3.2.3", "https://registry.k8s.vercel-security.com/npm/csstype/-/csstype-3.2.3.tgz", {}, "sha512-z1HGKcYy2xA8AGQfwrn0PAy+PB7X/GSj3UVJW9qKyn43xWa+gl5nXmU4qqLMRzWVLFC8KusUX8T/0kCiOYpAIQ=="],

    "detect-libc": ["detect-libc@2.1.2", "https://registry.k8s.vercel-security.com/npm/detect-libc/-/detect-libc-2.1.2.tgz", {}, "sha512-Btj2BOOO83o3WyH59e8MgXsxEQVcarkUOpEYrubB0urwnN10yQ364rsiByU11nZlqWYZm05i/of7io4mzihBtQ=="],

    "husky": ["husky@9.1.7", "https://registry.k8s.vercel-security.com/npm/husky/-/husky-9.1.7.tgz", { "bin": { "husky": "bin.js" } }, "sha512-5gs5ytaNjBrh5Ow3zrvdUUY+0VxIuWVL4i9irt6friV+BqdCfmV11CQTWMiBYWHbXhco+J1kHfTOUkePhCDvMA=="],

    "nanoid": ["nanoid@3.3.16", "https://registry.k8s.vercel-security.com/npm/nanoid/-/nanoid-3.3.16.tgz", { "bin": { "nanoid": "bin/nanoid.cjs" } }, "sha512-bzlKTyNJ7+LdGIIwy8ijFpIqEQIvafahV7eYykJ8Cvh42EdJeODoJ6gUJXpQJvej1BddH8OqTXZNE/KfbWAu8Q=="],

    "next": ["next@16.3.0-canary.106", "https://registry.k8s.vercel-security.com/npm/next/-/next-16.3.0-canary.106.tgz", { "dependencies": { "@next/env": "16.3.0-canary.106", "@swc/helpers": "0.5.15", "baseline-browser-mapping": "^2.9.19", "caniuse-lite": "^1.0.30001579", "postcss": "8.5.23", "styled-jsx": "5.1.6" }, "optionalDependencies": { "@next/swc-darwin-arm64": "16.3.0-canary.106", "@next/swc-darwin-x64": "16.3.0-canary.106", "@next/swc-linux-arm64-gnu": "16.3.0-canary.106", "@next/swc-linux-arm64-musl": "16.3.0-canary.106", "@next/swc-linux-x64-gnu": "16.3.0-canary.106", "@next/swc-linux-x64-musl": "16.3.0-canary.106", "@next/swc-win32-arm64-msvc": "16.3.0-canary.106", "@next/swc-win32-x64-msvc": "16.3.0-canary.106", "sharp": "^0.35.3" }, "peerDependencies": { "@opentelemetry/api": "^1.1.0", "@playwright/test": "^1.51.1", "babel-plugin-react-compiler": "*", "react": "^18.2.0 || 19.0.0-rc-de68d2f4-20241204 || ^19.0.0", "react-dom": "^18.2.0 || 19.0.0-rc-de68d2f4-20241204 || ^19.0.0", "sass": "^1.3.0" }, "optionalPeers": ["@opentelemetry/api", "@playwright/test", "babel-plugin-react-compiler", "sass"], "bin": { "next": "dist/bin/next" } }, "sha512-VPDYIuEa4KIoa3XS4DCBsElSzcY/qO9/IutBUNttPR8B1fnw/+b1pcnezwDGWR7Z156Joq4NlAYbxYvBM/Ghxw=="],

    "oxfmt": ["oxfmt@0.62.0", "https://registry.k8s.vercel-security.com/npm/oxfmt/-/oxfmt-0.62.0.tgz", { "dependencies": { "tinypool": "2.1.0" }, "optionalDependencies": { "@oxfmt/binding-android-arm-eabi": "0.62.0", "@oxfmt/binding-android-arm64": "0.62.0", "@oxfmt/binding-darwin-arm64": "0.62.0", "@oxfmt/binding-darwin-x64": "0.62.0", "@oxfmt/binding-freebsd-x64": "0.62.0", "@oxfmt/binding-linux-arm-gnueabihf": "0.62.0", "@oxfmt/binding-linux-arm-musleabihf": "0.62.0", "@oxfmt/binding-linux-arm64-gnu": "0.62.0", "@oxfmt/binding-linux-arm64-musl": "0.62.0", "@oxfmt/binding-linux-ppc64-gnu": "0.62.0", "@oxfmt/binding-linux-riscv64-gnu": "0.62.0", "@oxfmt/binding-linux-riscv64-musl": "0.62.0", "@oxfmt/binding-linux-s390x-gnu": "0.62.0", "@oxfmt/binding-linux-x64-gnu": "0.62.0", "@oxfmt/binding-linux-x64-musl": "0.62.0", "@oxfmt/binding-openharmony-arm64": "0.62.0", "@oxfmt/binding-win32-arm64-msvc": "0.62.0", "@oxfmt/binding-win32-ia32-msvc": "0.62.0", "@oxfmt/binding-win32-x64-msvc": "0.62.0" }, "peerDependencies": { "svelte": "^5.0.0", "vite-plus": "*" }, "optionalPeers": ["svelte", "vite-plus"], "bin": { "oxfmt": "bin/oxfmt" } }, "sha512-vxgGHTmnDU9j4CX7dDBLzxgmHxfda/yPcgJkGCMUSCwRmz+euo/V08xXLNgXTeqAB9Fhf3Pe2nO1RNKLCVgphQ=="],

    "picocolors": ["picocolors@1.1.1", "https://registry.k8s.vercel-security.com/npm/picocolors/-/picocolors-1.1.1.tgz", {}, "sha512-xceH2snhtb5M9liqDsmEw56le376mTZkEX/jEb/RxNFyegNul7eNslCXP9FDj/Lcu0X8KEyMceP2ntpaHrDEVA=="],

    "postcss": ["postcss@8.5.23", "https://registry.k8s.vercel-security.com/npm/postcss/-/postcss-8.5.23.tgz", { "dependencies": { "nanoid": "^3.3.16", "picocolors": "^1.1.1", "source-map-js": "^1.2.1" } }, "sha512-g50586zr4bZmwFiTlflMu8E0bDTb5I5gertgwAKmsdUlTQIhZtunzUlD1WSzwcVWPoAVpsrA6vlfCD7oXvRwgg=="],

    "react": ["react@19.2.8", "https://registry.k8s.vercel-security.com/npm/react/-/react-19.2.8.tgz", {}, "sha512-PWaYA1L/q9u2u7xYQi+Y3L3Yfnie7XyLeaJICV1MGD6LprsBxcAqGjYyr0eY3p+QdsA+x/Irkt4Qif8D63+Sbw=="],

    "react-dom": ["react-dom@19.2.8", "https://registry.k8s.vercel-security.com/npm/react-dom/-/react-dom-19.2.8.tgz", { "dependencies": { "scheduler": "^0.27.0" }, "peerDependencies": { "react": "^19.2.8" } }, "sha512-rVprimfGBG3DR+Tq0IQG2DT5PxKth1WIGDmj5yPmlzr4YBe7uyE+Du4oVqTDXZSHGGGXRtTJEGSSePyQCMBglQ=="],

    "scheduler": ["scheduler@0.27.0", "https://registry.k8s.vercel-security.com/npm/scheduler/-/scheduler-0.27.0.tgz", {}, "sha512-eNv+WrVbKu1f3vbYJT/xtiF5syA5HPIMtf9IgY/nKg0sWqzAUEvqY/xm7OcZc/qafLx/iO9FgOmeSAp4v5ti/Q=="],

    "semver": ["semver@7.8.5", "https://registry.k8s.vercel-security.com/npm/semver/-/semver-7.8.5.tgz", { "bin": { "semver": "bin/semver.js" } }, "sha512-Y7/KDsb8LjooZpwaqGyulO6DQlksgCncchHGk+sZIY4SBvUocMBEFH5Ur1fI4dV+Jvl0w6cjvucaIi40puRioA=="],

    "sharp": ["sharp@0.35.3", "https://registry.k8s.vercel-security.com/npm/sharp/-/sharp-0.35.3.tgz", { "dependencies": { "@img/colour": "^1.1.0", "detect-libc": "^2.1.2", "semver": "^7.8.5" }, "optionalDependencies": { "@img/sharp-darwin-arm64": "0.35.3", "@img/sharp-darwin-x64": "0.35.3", "@img/sharp-freebsd-wasm32": "0.35.3", "@img/sharp-libvips-darwin-arm64": "1.3.2", "@img/sharp-libvips-darwin-x64": "1.3.2", "@img/sharp-libvips-linux-arm": "1.3.2", "@img/sharp-libvips-linux-arm64": "1.3.2", "@img/sharp-libvips-linux-ppc64": "1.3.2", "@img/sharp-libvips-linux-riscv64": "1.3.2", "@img/sharp-libvips-linux-s390x": "1.3.2", "@img/sharp-libvips-linux-x64": "1.3.2", "@img/sharp-libvips-linuxmusl-arm64": "1.3.2", "@img/sharp-libvips-linuxmusl-x64": "1.3.2", "@img/sharp-linux-arm": "0.35.3", "@img/sharp-linux-arm64": "0.35.3", "@img/sharp-linux-ppc64": "0.35.3", "@img/sharp-linux-riscv64": "0.35.3", "@img/sharp-linux-s390x": "0.35.3", "@img/sharp-linux-x64": "0.35.3", "@img/sharp-linuxmusl-arm64": "0.35.3", "@img/sharp-linuxmusl-x64": "0.35.3", "@img/sharp-webcontainers-wasm32": "0.35.3", "@img/sharp-win32-arm64": "0.35.3", "@img/sharp-win32-ia32": "0.35.3", "@img/sharp-win32-x64": "0.35.3" }, "peerDependencies": { "@types/node": "*" }, "optionalPeers": ["@types/node"] }, "sha512-ej0zVHuZGHCiABXcNxeYhpRnPNPAcvbG8RMdBAhDAxLKkCRVSpK3Iyu7qbqw3JMzoj0REeM6f3tJLtVwl0023Q=="],

    "source-map-js": ["source-map-js@1.2.1", "https://registry.k8s.vercel-security.com/npm/source-map-js/-/source-map-js-1.2.1.tgz", {}, "sha512-UXWMKhLOwVKb728IUtQPXxfYU+usdybtUrK/8uGE8CQMvrhOpwvzDBwj0QhSL7MQc7vIsISBG8VQ8+IDQxpfQA=="],

    "styled-jsx": ["styled-jsx@5.1.6", "https://registry.k8s.vercel-security.com/npm/styled-jsx/-/styled-jsx-5.1.6.tgz", { "dependencies": { "client-only": "0.0.1" }, "peerDependencies": { "@babel/core": "*", "babel-plugin-macros": "*", "react": ">= 16.8.0 || 17.x.x || ^18.0.0-0 || ^19.0.0-0" }, "optionalPeers": ["@babel/core", "babel-plugin-macros"] }, "sha512-qSVyDTeMotdvQYoHWLNGwRFJHC+i+ZvdBRYosOFgC+Wg1vx4frN2/RG/NA7SYqqvKNLf39P2LSRA2pu6n0XYZA=="],

    "tinypool": ["tinypool@2.1.0", "https://registry.k8s.vercel-security.com/npm/tinypool/-/tinypool-2.1.0.tgz", {}, "sha512-Pugqs6M0m7Lv1I7FtxN4aoyToKg1C4tu+/381vH35y8oENM/Ai7f7C4StcoK4/+BSw9ebcS8jRiVrORFKCALLw=="],

    "tslib": ["tslib@2.8.1", "https://registry.k8s.vercel-security.com/npm/tslib/-/tslib-2.8.1.tgz", {}, "sha512-oJFu94HQb+KVduSUQL7wnpmqnfmLsOA/nAh6b6EH0wCEoK0/mPeXU6c3wKDV83MkOuHPRHtSXKKU99IBazS/2w=="],

    "typescript": ["typescript@7.0.2", "https://registry.k8s.vercel-security.com/npm/typescript/-/typescript-7.0.2.tgz", { "optionalDependencies": { "@typescript/typescript-aix-ppc64": "7.0.2", "@typescript/typescript-darwin-arm64": "7.0.2", "@typescript/typescript-darwin-x64": "7.0.2", "@typescript/typescript-freebsd-arm64": "7.0.2", "@typescript/typescript-freebsd-x64": "7.0.2", "@typescript/typescript-linux-arm": "7.0.2", "@typescript/typescript-linux-arm64": "7.0.2", "@typescript/typescript-linux-loong64": "7.0.2", "@typescript/typescript-linux-mips64el": "7.0.2", "@typescript/typescript-linux-ppc64": "7.0.2", "@typescript/typescript-linux-riscv64": "7.0.2", "@typescript/typescript-linux-s390x": "7.0.2", "@typescript/typescript-linux-x64": "7.0.2", "@typescript/typescript-netbsd-arm64": "7.0.2", "@typescript/typescript-netbsd-x64": "7.0.2", "@typescript/typescript-openbsd-arm64": "7.0.2", "@typescript/typescript-openbsd-x64": "7.0.2", "@typescript/typescript-sunos-x64": "7.0.2", "@typescript/typescript-win32-arm64": "7.0.2", "@typescript/typescript-win32-x64": "7.0.2" }, "bin": { "tsc": "bin/tsc" } }, "sha512-8FYau96o3NKOhbjKi/qNvG/W5jhzxkbdm5sj9AbZ/5T5sWqn3hJgLfGx27sRKZWTvyzCP8dLRBTf5tBTSRVUNA=="],

    "undici-types": ["undici-types@8.3.0", "https://registry.k8s.vercel-security.com/npm/undici-types/-/undici-types-8.3.0.tgz", {}, "sha512-j375ScV60dom+YkPFIfTLcOiPxkN/buHz5GobjLhixFuANaNs3C9l4GmrWqejgXWJ7BbJcFYpTEUkS1Ge8bpZQ=="],
  }
}
